
Microsoft Visual Studio Solution File, Format Version 12.00
# Visual Studio Version 16
VisualStudioVersion = 16.0.29020.237
MinimumVisualStudioVersion = 10.0.40219.1
Project("{FAE04EC0-301F-11D3-BF4B-00C04F79EFBC}") = "2D Array - DS", "2D Array - DS\2D Array - DS.csproj", "{BA50020C-5FEF-4BDD-B241-3972C5AB08E6}"
EndProject
Project("{FAE04EC0-301F-11D3-BF4B-00C04F79EFBC}") = "DictionariesAndMaps", "DictionariesAndMaps\DictionariesAndMaps.csproj", "{9AC836E9-E8CE-408A-926B-8F43EB2AF986}"
EndProject
Project("{FAE04EC0-301F-11D3-BF4B-00C04F79EFBC}") = "Recursion3", "Recursion3\Recursion3.csproj", "{DF033575-EBC3-4153-A425-7CB4836184A5}"
EndProject
Project("{FAE04EC0-301F-11D3-BF4B-00C04F79EFBC}") = "BinaryNumbers", "BinaryNumbers\BinaryNumbers.csproj", "{6CD7E7CF-D223-4F96-8EF4-C7C3C8610247}"
EndProject
Project("{FAE04EC0-301F-11D3-BF4B-00C04F79EFBC}") = "AbstractClasses", "AbstractClasses\AbstractClasses.csproj", "{1726E700-39EE-4B1C-A341-1CB8345C2D32}"
EndProject
Project("{FAE04EC0-301F-11D3-BF4B-00C04F79EFBC}") = "Inheritance", "Inheritance\Inheritance.csproj", "{535E0C35-C79A-4201-904E-8245ABBC3406}"
EndProject
Project("{FAE04EC0-301F-11D3-BF4B-00C04F79EFBC}") = "Scope", "Scope\Scope.csproj", "{3F65FB31-9EC0-44F8-89D2-F3BD0C983944}"
EndProject
Project("{FAE04EC0-301F-11D3-BF4B-00C04F79EFBC}") = "LinkedList", "LinkedList\LinkedList.csproj", "{2232D2B1-CC6F-453A-B40A-61A8428159FF}"
EndProject
Project("{FAE04EC0-301F-11D3-BF4B-00C04F79EFBC}") = "Exceptions - StringToInteger", "Exceptions - StringToInteger\Exceptions - StringToInteger.csproj", "{DA087044-8E38-4C30-B35F-D0C24ABF6A45}"
EndProject
Project("{FAE04EC0-301F-11D3-BF4B-00C04F79EFBC}") = "MoreExceptions", "MoreExceptions\MoreExceptions.csproj", "{5028A16D-9C36-4E1B-9B25-215A882B7DFA}"
EndProject
Project("{FAE04EC0-301F-11D3-BF4B-00C04F79EFBC}") = "QueuesAndStacks", "QueuesAndStacks\QueuesAndStacks.csproj", "{3A797E97-719B-488B-82BF-710E90CE2D88}"
EndProject
Project("{FAE04EC0-301F-11D3-BF4B-00C04F79EFBC}") = "Generics", "Generics\Generics.csproj", "{D3572260-BB94-4FDB-B9D3-8D8D308DB628}"
EndProject
Project("{FAE04EC0-301F-11D3-BF4B-00C04F79EFBC}") = "BinarySearchTrees", "BinarySearchTrees\BinarySearchTrees.csproj", "{AF36AE0C-AADB-4E9E-B13E-1D68E6AEDFA0}"
EndProject
Project("{FAE04EC0-301F-11D3-BF4B-00C04F79EFBC}") = "Sorting", "Sorting\Sorting.csproj", "{4C00E230-BF85-4BF3-A29C-D884F802D6C6}"
EndProject
Global
	GlobalSection(SolutionConfigurationPlatforms) = preSolution
		Debug|Any CPU = Debug|Any CPU
		Release|Any CPU = Release|Any CPU
	EndGlobalSection
	GlobalSection(ProjectConfigurationPlatforms) = postSolution
		{BA50020C-5FEF-4BDD-B241-3972C5AB08E6}.Debug|Any CPU.ActiveCfg = Debug|Any CPU
		{BA50020C-5FEF-4BDD-B241-3972C5AB08E6}.Debug|Any CPU.Build.0 = Debug|Any CPU
		{BA50020C-5FEF-4BDD-B241-3972C5AB08E6}.Release|Any CPU.ActiveCfg = Release|Any CPU
		{BA50020C-5FEF-4BDD-B241-3972C5AB08E6}.Release|Any CPU.Build.0 = Release|Any CPU
		{9AC836E9-E8CE-408A-926B-8F43EB2AF986}.Debug|Any CPU.ActiveCfg = Debug|Any CPU
		{9AC836E9-E8CE-408A-926B-8F43EB2AF986}.Debug|Any CPU.Build.0 = Debug|Any CPU
		{9AC836E9-E8CE-408A-926B-8F43EB2AF986}.Release|Any CPU.ActiveCfg = Release|Any CPU
		{9AC836E9-E8CE-408A-926B-8F43EB2AF986}.Release|Any CPU.Build.0 = Release|Any CPU
		{DF033575-EBC3-4153-A425-7CB4836184A5}.Debug|Any CPU.ActiveCfg = Debug|Any CPU
		{DF033575-EBC3-4153-A425-7CB4836184A5}.Debug|Any CPU.Build.0 = Debug|Any CPU
		{DF033575-EBC3-4153-A425-7CB4836184A5}.Release|Any CPU.ActiveCfg = Release|Any CPU
		{DF033575-EBC3-4153-A425-7CB4836184A5}.Release|Any CPU.Build.0 = Release|Any CPU
		{6CD7E7CF-D223-4F96-8EF4-C7C3C8610247}.Debug|Any CPU.ActiveCfg = Debug|Any CPU
		{6CD7E7CF-D223-4F96-8EF4-C7C3C8610247}.Debug|Any CPU.Build.0 = Debug|Any CPU
		{6CD7E7CF-D223-4F96-8EF4-C7C3C8610247}.Release|Any CPU.ActiveCfg = Release|Any CPU
		{6CD7E7CF-D223-4F96-8EF4-C7C3C8610247}.Release|Any CPU.Build.0 = Release|Any CPU
		{1726E700-39EE-4B1C-A341-1CB8345C2D32}.Debug|Any CPU.ActiveCfg = Debug|Any CPU
		{1726E700-39EE-4B1C-A341-1CB8345C2D32}.Debug|Any CPU.Build.0 = Debug|Any CPU
		{1726E700-39EE-4B1C-A341-1CB8345C2D32}.Release|Any CPU.ActiveCfg = Release|Any CPU
		{1726E700-39EE-4B1C-A341-1CB8345C2D32}.Release|Any CPU.Build.0 = Release|Any CPU
		{535E0C35-C79A-4201-904E-8245ABBC3406}.Debug|Any CPU.ActiveCfg = Debug|Any CPU
		{535E0C35-C79A-4201-904E-8245ABBC3406}.Debug|Any CPU.Build.0 = Debug|Any CPU
		{535E0C35-C79A-4201-904E-8245ABBC3406}.Release|Any CPU.ActiveCfg = Release|Any CPU
		{535E0C35-C79A-4201-904E-8245ABBC3406}.Release|Any CPU.Build.0 = Release|Any CPU
		{3F65FB31-9EC0-44F8-89D2-F3BD0C983944}.Debug|Any CPU.ActiveCfg = Debug|Any CPU
		{3F65FB31-9EC0-44F8-89D2-F3BD0C983944}.Debug|Any CPU.Build.0 = Debug|Any CPU
		{3F65FB31-9EC0-44F8-89D2-F3BD0C983944}.Release|Any CPU.ActiveCfg = Release|Any CPU
		{3F65FB31-9EC0-44F8-89D2-F3BD0C983944}.Release|Any CPU.Build.0 = Release|Any CPU
		{2232D2B1-CC6F-453A-B40A-61A8428159FF}.Debug|Any CPU.ActiveCfg = Debug|Any CPU
		{2232D2B1-CC6F-453A-B40A-61A8428159FF}.Debug|Any CPU.Build.0 = Debug|Any CPU
		{2232D2B1-CC6F-453A-B40A-61A8428159FF}.Release|Any CPU.ActiveCfg = Release|Any CPU
		{2232D2B1-CC6F-453A-B40A-61A8428159FF}.Release|Any CPU.Build.0 = Release|Any CPU
		{DA087044-8E38-4C30-B35F-D0C24ABF6A45}.Debug|Any CPU.ActiveCfg = Debug|Any CPU
		{DA087044-8E38-4C30-B35F-D0C24ABF6A45}.Debug|Any CPU.Build.0 = Debug|Any CPU
		{DA087044-8E38-4C30-B35F-D0C24ABF6A45}.Release|Any CPU.ActiveCfg = Release|Any CPU
		{DA087044-8E38-4C30-B35F-D0C24ABF6A45}.Release|Any CPU.Build.0 = Release|Any CPU
		{5028A16D-9C36-4E1B-9B25-215A882B7DFA}.Debug|Any CPU.ActiveCfg = Debug|Any CPU
		{5028A16D-9C36-4E1B-9B25-215A882B7DFA}.Debug|Any CPU.Build.0 = Debug|Any CPU
		{5028A16D-9C36-4E1B-9B25-215A882B7DFA}.Release|Any CPU.ActiveCfg = Release|Any CPU
		{5028A16D-9C36-4E1B-9B25-215A882B7DFA}.Release|Any CPU.Build.0 = Release|Any CPU
		{3A797E97-719B-488B-82BF-710E90CE2D88}.Debug|Any CPU.ActiveCfg = Debug|Any CPU
		{3A797E97-719B-488B-82BF-710E90CE2D88}.Debug|Any CPU.Build.0 = Debug|Any CPU
		{3A797E97-719B-488B-82BF-710E90CE2D88}.Release|Any CPU.ActiveCfg = Release|Any CPU
		{3A797E97-719B-488B-82BF-710E90CE2D88}.Release|Any CPU.Build.0 = Release|Any CPU
		{D3572260-BB94-4FDB-B9D3-8D8D308DB628}.Debug|Any CPU.ActiveCfg = Debug|Any CPU
		{D3572260-BB94-4FDB-B9D3-8D8D308DB628}.Debug|Any CPU.Build.0 = Debug|Any CPU
		{D3572260-BB94-4FDB-B9D3-8D8D308DB628}.Release|Any CPU.ActiveCfg = Release|Any CPU
		{D3572260-BB94-4FDB-B9D3-8D8D308DB628}.Release|Any CPU.Build.0 = Release|Any CPU
		{AF36AE0C-AADB-4E9E-B13E-1D68E6AEDFA0}.Debug|Any CPU.ActiveCfg = Debug|Any CPU
		{AF36AE0C-AADB-4E9E-B13E-1D68E6AEDFA0}.Debug|Any CPU.Build.0 = Debug|Any CPU
		{AF36AE0C-AADB-4E9E-B13E-1D68E6AEDFA0}.Release|Any CPU.ActiveCfg = Release|Any CPU
		{AF36AE0C-AADB-4E9E-B13E-1D68E6AEDFA0}.Release|Any CPU.Build.0 = Release|Any CPU
		{4C00E230-BF85-4BF3-A29C-D884F802D6C6}.Debug|Any CPU.ActiveCfg = Debug|Any CPU
		{4C00E230-BF85-4BF3-A29C-D884F802D6C6}.Debug|Any CPU.Build.0 = Debug|Any CPU
		{4C00E230-BF85-4BF3-A29C-D884F802D6C6}.Release|Any CPU.ActiveCfg = Release|Any CPU
		{4C00E230-BF85-4BF3-A29C-D884F802D6C6}.Release|Any CPU.Build.0 = Release|Any CPU
	EndGlobalSection
	GlobalSection(SolutionProperties) = preSolution
		HideSolutionNode = FALSE
	EndGlobalSection
	GlobalSection(ExtensibilityGlobals) = postSolution
		SolutionGuid = {08F1D647-8B0C-440E-BC70-CE9234967643}
	EndGlobalSection
EndGlobal
